# THIS IS AN AUTOGENERATED FILE. DO NOT EDIT THIS FILE DIRECTLY.
# yarn lockfile v1


typescript@^3.5.2:
  version "3.5.2"
  resolved "https://registry.yarnpkg.com/typescript/-/typescript-3.5.2.tgz#a09e1dc69bc9551cadf17dba10ee42cf55e5d56c"
  integrity sha512-7KxJovlYhTX5RaRbUdkAXN1KUZ8PwWlTzQdHV6xNqvuFOs7+WBo10TQUqT19Q/Jz2hk5v9TQDIhyLhhJY4p5AA==

web-ext-types@^3.2.0:
  version "3.2.0"
  resolved "https://registry.yarnpkg.com/web-ext-types/-/web-ext-types-3.2.0.tgz#df5cfc6c5b614b8e5a98b51642d1b2ad3b9b41e2"
  integrity sha512-85MBVBvZTCtc5yTfwz+xKzycrW6lUpBi68Sn8dlMwOFNDyWroUHXRJNCO4Bs80ScfePf7ciF2J2N+1UDWpq1Lg==

webextension-polyfill@^0.4.0:
  version "0.4.0"
  resolved "https://registry.yarnpkg.com/webextension-polyfill/-/webextension-polyfill-0.4.0.tgz#9cc5a60f0f2bf907a6b349fdd7e61701f54956f9"
  integrity sha512-oreMp+EoAo1pzRMigx4jB5jInIpx6NTCySPSjGyLLee/dCIPiRqowCEfbFP8o20wz9SOtNwSsfkaJ9D/tRgpag==
